
Microsoft Visual Studio Solution File, Format Version 12.00
# Visual Studio Version 16
VisualStudioVersion = 16.0.30413.136
MinimumVisualStudioVersion = 10.0.40219.1
Project("{FAE04EC0-301F-11D3-BF4B-00C04F79EFBC}") = "testing system", "testing system\testing system.csproj", "{5B1460EC-99ED-44FD-8D12-D22FB6E2E7D9}"
EndProject
Global
	GlobalSection(SolutionConfigurationPlatforms) = preSolution
		Debug|Any CPU = Debug|Any CPU
		Release|Any CPU = Release|Any CPU
	EndGlobalSection
	GlobalSection(ProjectConfigurationPlatforms) = postSolution
		{5B1460EC-99ED-44FD-8D12-D22FB6E2E7D9}.Debug|Any CPU.ActiveCfg = Debug|Any CPU
		{5B1460EC-99ED-44FD-8D12-D22FB6E2E7D9}.Debug|Any CPU.Build.0 = Debug|Any CPU
		{5B1460EC-99ED-44FD-8D12-D22FB6E2E7D9}.Release|Any CPU.ActiveCfg = Release|Any CPU
		{5B1460EC-99ED-44FD-8D12-D22FB6E2E7D9}.Release|Any CPU.Build.0 = Release|Any CPU
	EndGlobalSection
	GlobalSection(SolutionProperties) = preSolution
		HideSolutionNode = FALSE
	EndGlobalSection
	GlobalSection(ExtensibilityGlobals) = postSolution
		SolutionGuid = {BCBDF085-8BAF-4788-A385-1677C21D0CCF}
	EndGlobalSection
EndGlobal
